
Microsoft Visual Studio Solution File, Format Version 12.00
# Visual Studio Version 17
VisualStudioVersion = 17.7.34031.279
MinimumVisualStudioVersion = 10.0.40219.1
Project("{FAE04EC0-301F-11D3-BF4B-00C04F79EFBC}") = "TesteTecnico.Raltec02.Domain", "TesteTecnico.Raltec02.Domain\TesteTecnico.Raltec02.Domain.csproj", "{F966BE5E-3422-44FE-899B-E6B5E7A12B3E}"
EndProject
Project("{FAE04EC0-301F-11D3-BF4B-00C04F79EFBC}") = "TesteTecnico.Raltec02.Application", "TesteTecnico.Raltec02.Application\TesteTecnico.Raltec02.Application.csproj", "{5834F054-0452-43EF-8AD9-106221F5697D}"
EndProject
Global
	GlobalSection(SolutionConfigurationPlatforms) = preSolution
		Debug|Any CPU = Debug|Any CPU
		Release|Any CPU = Release|Any CPU
	EndGlobalSection
	GlobalSection(ProjectConfigurationPlatforms) = postSolution
		{F966BE5E-3422-44FE-899B-E6B5E7A12B3E}.Debug|Any CPU.ActiveCfg = Debug|Any CPU
		{F966BE5E-3422-44FE-899B-E6B5E7A12B3E}.Debug|Any CPU.Build.0 = Debug|Any CPU
		{F966BE5E-3422-44FE-899B-E6B5E7A12B3E}.Release|Any CPU.ActiveCfg = Release|Any CPU
		{F966BE5E-3422-44FE-899B-E6B5E7A12B3E}.Release|Any CPU.Build.0 = Release|Any CPU
		{5834F054-0452-43EF-8AD9-106221F5697D}.Debug|Any CPU.ActiveCfg = Debug|Any CPU
		{5834F054-0452-43EF-8AD9-106221F5697D}.Debug|Any CPU.Build.0 = Debug|Any CPU
		{5834F054-0452-43EF-8AD9-106221F5697D}.Release|Any CPU.ActiveCfg = Release|Any CPU
		{5834F054-0452-43EF-8AD9-106221F5697D}.Release|Any CPU.Build.0 = Release|Any CPU
	EndGlobalSection
	GlobalSection(SolutionProperties) = preSolution
		HideSolutionNode = FALSE
	EndGlobalSection
	GlobalSection(ExtensibilityGlobals) = postSolution
		SolutionGuid = {DABC3921-7778-42E7-8A01-BE02B5330B1B}
	EndGlobalSection
EndGlobal
